
Microsoft Visual Studio Solution File, Format Version 12.00
# Visual Studio Version 17
VisualStudioVersion = 17.4.33122.133
MinimumVisualStudioVersion = 10.0.40219.1
Project("{FAE04EC0-301F-11D3-BF4B-00C04F79EFBC}") = "Osterhase", "Osterhase\Osterhase.csproj", "{BB6F0127-1876-41C0-9F94-AF09C59DC380}"
EndProject
Global
	GlobalSection(SolutionConfigurationPlatforms) = preSolution
		Debug|Any CPU = Debug|Any CPU
		Release|Any CPU = Release|Any CPU
	EndGlobalSection
	GlobalSection(ProjectConfigurationPlatforms) = postSolution
		{BB6F0127-1876-41C0-9F94-AF09C59DC380}.Debug|Any CPU.ActiveCfg = Debug|Any CPU
		{BB6F0127-1876-41C0-9F94-AF09C59DC380}.Debug|Any CPU.Build.0 = Debug|Any CPU
		{BB6F0127-1876-41C0-9F94-AF09C59DC380}.Release|Any CPU.ActiveCfg = Release|Any CPU
		{BB6F0127-1876-41C0-9F94-AF09C59DC380}.Release|Any CPU.Build.0 = Release|Any CPU
	EndGlobalSection
	GlobalSection(SolutionProperties) = preSolution
		HideSolutionNode = FALSE
	EndGlobalSection
	GlobalSection(ExtensibilityGlobals) = postSolution
		SolutionGuid = {DBBCAC03-1B1C-47FB-A59D-E4984ABD8937}
	EndGlobalSection
EndGlobal
