
Microsoft Visual Studio Solution File, Format Version 12.00
# Visual Studio Version 17
VisualStudioVersion = 17.9.34728.123
MinimumVisualStudioVersion = 10.0.40219.1
Project("{FAE04EC0-301F-11D3-BF4B-00C04F79EFBC}") = "PA_3_UE_Server", "PA_3_UE_Server\PA_3_UE_Server.csproj", "{5507B9D0-8076-43D4-A2DC-4D78543E3A6C}"
EndProject
Global
	GlobalSection(SolutionConfigurationPlatforms) = preSolution
		Debug|Any CPU = Debug|Any CPU
		Release|Any CPU = Release|Any CPU
	EndGlobalSection
	GlobalSection(ProjectConfigurationPlatforms) = postSolution
		{5507B9D0-8076-43D4-A2DC-4D78543E3A6C}.Debug|Any CPU.ActiveCfg = Debug|Any CPU
		{5507B9D0-8076-43D4-A2DC-4D78543E3A6C}.Debug|Any CPU.Build.0 = Debug|Any CPU
		{5507B9D0-8076-43D4-A2DC-4D78543E3A6C}.Release|Any CPU.ActiveCfg = Release|Any CPU
		{5507B9D0-8076-43D4-A2DC-4D78543E3A6C}.Release|Any CPU.Build.0 = Release|Any CPU
	EndGlobalSection
	GlobalSection(SolutionProperties) = preSolution
		HideSolutionNode = FALSE
	EndGlobalSection
	GlobalSection(ExtensibilityGlobals) = postSolution
		SolutionGuid = {792B145A-687F-4138-BD60-9AE5A168FC98}
	EndGlobalSection
EndGlobal
