
Microsoft Visual Studio Solution File, Format Version 12.00
# Visual Studio Version 17
VisualStudioVersion = 17.9.34728.123
MinimumVisualStudioVersion = 10.0.40219.1
Project("{FAE04EC0-301F-11D3-BF4B-00C04F79EFBC}") = "PA3_UE", "PA3_UE\PA3_UE.csproj", "{AD4E3ECA-C50A-419D-90D0-37EC9E4512E7}"
EndProject
Global
	GlobalSection(SolutionConfigurationPlatforms) = preSolution
		Debug|Any CPU = Debug|Any CPU
		Release|Any CPU = Release|Any CPU
	EndGlobalSection
	GlobalSection(ProjectConfigurationPlatforms) = postSolution
		{AD4E3ECA-C50A-419D-90D0-37EC9E4512E7}.Debug|Any CPU.ActiveCfg = Debug|Any CPU
		{AD4E3ECA-C50A-419D-90D0-37EC9E4512E7}.Debug|Any CPU.Build.0 = Debug|Any CPU
		{AD4E3ECA-C50A-419D-90D0-37EC9E4512E7}.Release|Any CPU.ActiveCfg = Release|Any CPU
		{AD4E3ECA-C50A-419D-90D0-37EC9E4512E7}.Release|Any CPU.Build.0 = Release|Any CPU
	EndGlobalSection
	GlobalSection(SolutionProperties) = preSolution
		HideSolutionNode = FALSE
	EndGlobalSection
	GlobalSection(ExtensibilityGlobals) = postSolution
		SolutionGuid = {E3954B95-6F5A-4879-814C-3033C0621BB2}
	EndGlobalSection
EndGlobal
