
Microsoft Visual Studio Solution File, Format Version 12.00
# Visual Studio Version 17
VisualStudioVersion = 17.4.33122.133
MinimumVisualStudioVersion = 10.0.40219.1
Project("{FAE04EC0-301F-11D3-BF4B-00C04F79EFBC}") = "Bilderverwaltungsprogramm", "Bilderverwaltungsprogramm\Bilderverwaltungsprogramm.csproj", "{AC6D2297-FF46-4525-B9DA-7106DD3D81EC}"
EndProject
Global
	GlobalSection(SolutionConfigurationPlatforms) = preSolution
		Debug|Any CPU = Debug|Any CPU
		Release|Any CPU = Release|Any CPU
	EndGlobalSection
	GlobalSection(ProjectConfigurationPlatforms) = postSolution
		{AC6D2297-FF46-4525-B9DA-7106DD3D81EC}.Debug|Any CPU.ActiveCfg = Debug|Any CPU
		{AC6D2297-FF46-4525-B9DA-7106DD3D81EC}.Debug|Any CPU.Build.0 = Debug|Any CPU
		{AC6D2297-FF46-4525-B9DA-7106DD3D81EC}.Release|Any CPU.ActiveCfg = Release|Any CPU
		{AC6D2297-FF46-4525-B9DA-7106DD3D81EC}.Release|Any CPU.Build.0 = Release|Any CPU
	EndGlobalSection
	GlobalSection(SolutionProperties) = preSolution
		HideSolutionNode = FALSE
	EndGlobalSection
	GlobalSection(ExtensibilityGlobals) = postSolution
		SolutionGuid = {A65E1755-EBE8-48BF-8729-93AAC5551D6C}
	EndGlobalSection
EndGlobal
