
Microsoft Visual Studio Solution File, Format Version 12.00
# Visual Studio Version 17
VisualStudioVersion = 17.9.34723.18
MinimumVisualStudioVersion = 10.0.40219.1
Project("{FAE04EC0-301F-11D3-BF4B-00C04F79EFBC}") = "Osterhase2", "Osterhase2\Osterhase2.csproj", "{976D06C4-A67F-4E9D-8914-F1FA480B36D3}"
EndProject
Global
	GlobalSection(SolutionConfigurationPlatforms) = preSolution
		Debug|Any CPU = Debug|Any CPU
		Release|Any CPU = Release|Any CPU
	EndGlobalSection
	GlobalSection(ProjectConfigurationPlatforms) = postSolution
		{976D06C4-A67F-4E9D-8914-F1FA480B36D3}.Debug|Any CPU.ActiveCfg = Debug|Any CPU
		{976D06C4-A67F-4E9D-8914-F1FA480B36D3}.Debug|Any CPU.Build.0 = Debug|Any CPU
		{976D06C4-A67F-4E9D-8914-F1FA480B36D3}.Release|Any CPU.ActiveCfg = Release|Any CPU
		{976D06C4-A67F-4E9D-8914-F1FA480B36D3}.Release|Any CPU.Build.0 = Release|Any CPU
	EndGlobalSection
	GlobalSection(SolutionProperties) = preSolution
		HideSolutionNode = FALSE
	EndGlobalSection
	GlobalSection(ExtensibilityGlobals) = postSolution
		SolutionGuid = {BF2FECA8-EFC5-4E11-92F2-D7591A0A2FFE}
	EndGlobalSection
EndGlobal
