
Microsoft Visual Studio Solution File, Format Version 12.00
# Visual Studio Version 17
VisualStudioVersion = 17.4.33122.133
MinimumVisualStudioVersion = 10.0.40219.1
Project("{FAE04EC0-301F-11D3-BF4B-00C04F79EFBC}") = "SchiffeVersenken", "SchiffeVersenken\SchiffeVersenken.csproj", "{F913F75A-11C4-49F6-8495-AABE5F6594CB}"
EndProject
Global
	GlobalSection(SolutionConfigurationPlatforms) = preSolution
		Debug|Any CPU = Debug|Any CPU
		Release|Any CPU = Release|Any CPU
	EndGlobalSection
	GlobalSection(ProjectConfigurationPlatforms) = postSolution
		{F913F75A-11C4-49F6-8495-AABE5F6594CB}.Debug|Any CPU.ActiveCfg = Debug|Any CPU
		{F913F75A-11C4-49F6-8495-AABE5F6594CB}.Debug|Any CPU.Build.0 = Debug|Any CPU
		{F913F75A-11C4-49F6-8495-AABE5F6594CB}.Release|Any CPU.ActiveCfg = Release|Any CPU
		{F913F75A-11C4-49F6-8495-AABE5F6594CB}.Release|Any CPU.Build.0 = Release|Any CPU
	EndGlobalSection
	GlobalSection(SolutionProperties) = preSolution
		HideSolutionNode = FALSE
	EndGlobalSection
	GlobalSection(ExtensibilityGlobals) = postSolution
		SolutionGuid = {F9081FB8-0F37-402D-880E-961CA5F3966D}
	EndGlobalSection
EndGlobal
